
Microsoft Visual Studio Solution File, Format Version 12.00
# Visual Studio 15
VisualStudioVersion = 15.0.28010.2041
MinimumVisualStudioVersion = 10.0.40219.1
Project("{2150E333-8FDC-42A3-9474-1A3956D46DE8}") = "src", "src", "{CFD68816-A4C3-4691-8FB4-35FFBA17375A}"
EndProject
Project("{2150E333-8FDC-42A3-9474-1A3956D46DE8}") = "test", "test", "{AD0F6198-B88D-4F94-8795-EC285BCE6755}"
EndProject
Project("{9A19103F-16F7-4668-BE54-9A1E7A4F7556}") = "AzureDevOpsKats.Data", "src\AzureDevOpsKats.Data\AzureDevOpsKats.Data.csproj", "{AA6038E5-49EC-4EC8-9A18-344EA7FFF994}"
EndProject
Project("{9A19103F-16F7-4668-BE54-9A1E7A4F7556}") = "AzureDevOpsKats.Service", "src\AzureDevOpsKats.Service\AzureDevOpsKats.Service.csproj", "{28651399-8B0E-47AF-A871-39B17BA6187B}"
EndProject
Project("{9A19103F-16F7-4668-BE54-9A1E7A4F7556}") = "AzureDevOpsKats.Web", "src\AzureDevOpsKats.Web\AzureDevOpsKats.Web.csproj", "{E7416C7C-91B7-4E4D-AAE7-9A6FAF4058B8}"
EndProject
Project("{9A19103F-16F7-4668-BE54-9A1E7A4F7556}") = "AzureDevOpsKats.Test", "test\AzureDevOpsKats.Test\AzureDevOpsKats.Test.csproj", "{8DF74D69-2F32-48B7-8624-EFFEB2677704}"
EndProject
Project("{2150E333-8FDC-42A3-9474-1A3956D46DE8}") = "tools", "tools", "{2D4C06CB-5D82-4109-B68A-0CEFB52E1388}"
	ProjectSection(SolutionItems) = preProject
		tools\tools.csproj = tools\tools.csproj
	EndProjectSection
EndProject
Global
	GlobalSection(SolutionConfigurationPlatforms) = preSolution
		Debug|Any CPU = Debug|Any CPU
		Release|Any CPU = Release|Any CPU
	EndGlobalSection
	GlobalSection(ProjectConfigurationPlatforms) = postSolution
		{AA6038E5-49EC-4EC8-9A18-344EA7FFF994}.Debug|Any CPU.ActiveCfg = Debug|Any CPU
		{AA6038E5-49EC-4EC8-9A18-344EA7FFF994}.Debug|Any CPU.Build.0 = Debug|Any CPU
		{AA6038E5-49EC-4EC8-9A18-344EA7FFF994}.Release|Any CPU.ActiveCfg = Release|Any CPU
		{AA6038E5-49EC-4EC8-9A18-344EA7FFF994}.Release|Any CPU.Build.0 = Release|Any CPU
		{28651399-8B0E-47AF-A871-39B17BA6187B}.Debug|Any CPU.ActiveCfg = Debug|Any CPU
		{28651399-8B0E-47AF-A871-39B17BA6187B}.Debug|Any CPU.Build.0 = Debug|Any CPU
		{28651399-8B0E-47AF-A871-39B17BA6187B}.Release|Any CPU.ActiveCfg = Release|Any CPU
		{28651399-8B0E-47AF-A871-39B17BA6187B}.Release|Any CPU.Build.0 = Release|Any CPU
		{E7416C7C-91B7-4E4D-AAE7-9A6FAF4058B8}.Debug|Any CPU.ActiveCfg = Debug|Any CPU
		{E7416C7C-91B7-4E4D-AAE7-9A6FAF4058B8}.Debug|Any CPU.Build.0 = Debug|Any CPU
		{E7416C7C-91B7-4E4D-AAE7-9A6FAF4058B8}.Release|Any CPU.ActiveCfg = Release|Any CPU
		{E7416C7C-91B7-4E4D-AAE7-9A6FAF4058B8}.Release|Any CPU.Build.0 = Release|Any CPU
		{8DF74D69-2F32-48B7-8624-EFFEB2677704}.Debug|Any CPU.ActiveCfg = Debug|Any CPU
		{8DF74D69-2F32-48B7-8624-EFFEB2677704}.Debug|Any CPU.Build.0 = Debug|Any CPU
		{8DF74D69-2F32-48B7-8624-EFFEB2677704}.Release|Any CPU.ActiveCfg = Release|Any CPU
		{8DF74D69-2F32-48B7-8624-EFFEB2677704}.Release|Any CPU.Build.0 = Release|Any CPU
	EndGlobalSection
	GlobalSection(SolutionProperties) = preSolution
		HideSolutionNode = FALSE
	EndGlobalSection
	GlobalSection(NestedProjects) = preSolution
		{AA6038E5-49EC-4EC8-9A18-344EA7FFF994} = {CFD68816-A4C3-4691-8FB4-35FFBA17375A}
		{28651399-8B0E-47AF-A871-39B17BA6187B} = {CFD68816-A4C3-4691-8FB4-35FFBA17375A}
		{E7416C7C-91B7-4E4D-AAE7-9A6FAF4058B8} = {CFD68816-A4C3-4691-8FB4-35FFBA17375A}
		{8DF74D69-2F32-48B7-8624-EFFEB2677704} = {AD0F6198-B88D-4F94-8795-EC285BCE6755}
	EndGlobalSection
	GlobalSection(ExtensibilityGlobals) = postSolution
		SolutionGuid = {3030F26C-651C-4017-A718-15B875FFAE63}
	EndGlobalSection
EndGlobal
